<?xml version="1.0" encoding="utf-8"?>
<Project ToolsVersion="4.0" xmlns="http://schemas.microsoft.com/developer/msbuild/2003">
  <ItemGroup>
    <Filter Include="Source Files">
      <UniqueIdentifier>{4FC737F1-C7A5-4376-A066-2A32D752A2FF}</UniqueIdentifier>
      <Extensions>cpp;c;cc;cxx;c++;cppm;ixx;def;odl;idl;hpj;bat;asm;asmx</Extensions>
    </Filter>
    <Filter Include="Header Files">
      <UniqueIdentifier>{93995380-89BD-4b04-88EB-625FBE52EBFB}</UniqueIdentifier>
      <Extensions>h;hh;hpp;hxx;h++;hm;inl;inc;ipp;xsd</Extensions>
    </Filter>
    <Filter Include="Resource Files">
      <UniqueIdentifier>{67DA6AB6-F800-4c08-8B7A-83BB121AAD01}</UniqueIdentifier>
      <Extensions>rc;ico;cur;bmp;dlg;rc2;rct;bin;rgs;gif;jpg;jpeg;jpe;resx;tiff;tif;png;wav;mfcribbon-ms</Extensions>
    </Filter>
    <Filter Include="Header Files\imgui">
      <UniqueIdentifier>{74303b1e-5e58-4753-9e18-8fd01d0f36da}</UniqueIdentifier>
    </Filter>
    <Filter Include="Source Files\imgui">
      <UniqueIdentifier>{03c20e56-aa6c-4b5b-adf7-74f1a041ed48}</UniqueIdentifier>
    </Filter>
  </ItemGroup>
  <ItemGroup>
    <ClCompile Include="CrabEngine.cpp">
      <Filter>Source Files</Filter>
    </ClCompile>
    <ClCompile Include="srcs\Camera.cpp">
      <Filter>Source Files</Filter>
    </ClCompile>
    <ClCompile Include="srcs\SceneLoader.cpp">
      <Filter>Source Files</Filter>
    </ClCompile>
    <ClCompile Include="srcs\Utils.cpp">
      <Filter>Source Files</Filter>
    </ClCompile>
    <ClCompile Include="srcs\Mesh.cpp">
      <Filter>Source Files</Filter>
    </ClCompile>
    <ClCompile Include="srcs\Model.cpp">
      <Filter>Source Files</Filter>
    </ClCompile>
    <ClCompile Include="srcs\Shader.cpp">
      <Filter>Source Files</Filter>
    </ClCompile>
    <ClCompile Include="srcs\SceneParser.cpp">
      <Filter>Source Files</Filter>
    </ClCompile>
    <ClCompile Include="srcs\Texture.cpp">
      <Filter>Source Files</Filter>
    </ClCompile>
    <ClCompile Include="srcs\stb.cpp">
      <Filter>Source Files</Filter>
    </ClCompile>
    <ClCompile Include="srcs\VBO.cpp">
      <Filter>Source Files</Filter>
    </ClCompile>
    <ClCompile Include="srcs\VAO.cpp">
      <Filter>Source Files</Filter>
    </ClCompile>
    <ClCompile Include="srcs\EBO.cpp">
      <Filter>Source Files</Filter>
    </ClCompile>
    <ClCompile Include="srcs\glad.c">
      <Filter>Source Files</Filter>
    </ClCompile>
    <ClCompile Include="srcs\imgui\imgui_widgets.cpp">
      <Filter>Source Files\imgui</Filter>
    </ClCompile>
    <ClCompile Include="srcs\imgui\imgui_impl_opengl3.cpp">
      <Filter>Source Files\imgui</Filter>
    </ClCompile>
    <ClCompile Include="srcs\imgui\imgui_impl_glfw.cpp">
      <Filter>Source Files\imgui</Filter>
    </ClCompile>
    <ClCompile Include="srcs\imgui\imgui_tables.cpp">
      <Filter>Source Files\imgui</Filter>
    </ClCompile>
    <ClCompile Include="srcs\imgui\imgui_draw.cpp">
      <Filter>Source Files\imgui</Filter>
    </ClCompile>
    <ClCompile Include="srcs\imgui\imgui_demo.cpp">
      <Filter>Source Files\imgui</Filter>
    </ClCompile>
    <ClCompile Include="srcs\imgui\imgui.cpp">
      <Filter>Source Files\imgui</Filter>
    </ClCompile>
  </ItemGroup>
  <ItemGroup>
    <ClInclude Include="srcs\imgui\imgui_impl_glfw.h">
      <Filter>Header Files\imgui</Filter>
    </ClInclude>
    <ClInclude Include="srcs\imgui\imgui_impl_opengl3.h">
      <Filter>Header Files\imgui</Filter>
    </ClInclude>
    <ClInclude Include="srcs\imgui\imgui_impl_opengl3_loader.h">
      <Filter>Header Files\imgui</Filter>
    </ClInclude>
    <ClInclude Include="srcs\imgui\imgui_internal.h">
      <Filter>Header Files\imgui</Filter>
    </ClInclude>
    <ClInclude Include="srcs\imgui\imstb_rectpack.h">
      <Filter>Header Files\imgui</Filter>
    </ClInclude>
    <ClInclude Include="srcs\imgui\imstb_textedit.h">
      <Filter>Header Files\imgui</Filter>
    </ClInclude>
    <ClInclude Include="srcs\imgui\imstb_truetype.h">
      <Filter>Header Files\imgui</Filter>
    </ClInclude>
    <ClInclude Include="srcs\imgui\imconfig.h">
      <Filter>Header Files\imgui</Filter>
    </ClInclude>
    <ClInclude Include="srcs\imgui\imgui.h">
      <Filter>Header Files\imgui</Filter>
    </ClInclude>
    <ClInclude Include="srcs\Utils.h">
      <Filter>Header Files</Filter>
    </ClInclude>
    <ClInclude Include="srcs\Shader.h">
      <Filter>Header Files</Filter>
    </ClInclude>
    <ClInclude Include="srcs\SceneParser.h">
      <Filter>Header Files</Filter>
    </ClInclude>
    <ClInclude Include="srcs\SceneLoader.h">
      <Filter>Header Files</Filter>
    </ClInclude>
    <ClInclude Include="srcs\Camera.h">
      <Filter>Header Files</Filter>
    </ClInclude>
    <ClInclude Include="srcs\Mesh.h">
      <Filter>Header Files</Filter>
    </ClInclude>
    <ClInclude Include="srcs\Model.h">
      <Filter>Header Files</Filter>
    </ClInclude>
    <ClInclude Include="srcs\Texture.h">
      <Filter>Header Files</Filter>
    </ClInclude>
    <ClInclude Include="srcs\VBO.h">
      <Filter>Header Files</Filter>
    </ClInclude>
    <ClInclude Include="srcs\EBO.h">
      <Filter>Header Files</Filter>
    </ClInclude>
    <ClInclude Include="srcs\VAO.h">
      <Filter>Header Files</Filter>
    </ClInclude>
  </ItemGroup>
  <ItemGroup>
    <None Include="framebuffer.frag">
      <Filter>Resource Files</Filter>
    </None>
    <None Include="default.frag">
      <Filter>Resource Files</Filter>
    </None>
    <None Include="light.frag">
      <Filter>Resource Files</Filter>
    </None>
    <None Include="windows.frag">
      <Filter>Resource Files</Filter>
    </None>
    <None Include="skybox.frag">
      <Filter>Resource Files</Filter>
    </None>
    <None Include="outlining.frag">
      <Filter>Resource Files</Filter>
    </None>
    <None Include="grass.frag">
      <Filter>Resource Files</Filter>
    </None>
    <None Include="normals.frag">
      <Filter>Resource Files</Filter>
    </None>
    <None Include="framebuffer.vert">
      <Filter>Resource Files</Filter>
    </None>
    <None Include="outlining.vert">
      <Filter>Resource Files</Filter>
    </None>
    <None Include="default.vert">
      <Filter>Resource Files</Filter>
    </None>
    <None Include="light.vert">
      <Filter>Resource Files</Filter>
    </None>
    <None Include="asteroid.vert">
      <Filter>Resource Files</Filter>
    </None>
    <None Include="skybox.vert">
      <Filter>Resource Files</Filter>
    </None>
    <None Include="normals.geom">
      <Filter>Resource Files</Filter>
    </None>
  </ItemGroup>
</Project>