
Microsoft Visual Studio Solution File, Format Version 12.00
# Visual Studio Version 17
Project("{2150E333-8FDC-42A3-9474-1A3956D46DE8}") = "Core", "Core", "{15A0C35D-0158-05AB-6A5F-DE065636A09B}"
EndProject
Project("{8BC9CEB8-8B4A-11D0-8D11-00A0C91BC942}") = "SparkEngine-Core", "SparkEngine-Core\SparkEngine-Core.vcxproj", "{92F8B3D9-7EF1-D22B-A723-B8B0937BB237}"
EndProject
Project("{8BC9CEB8-8B4A-11D0-8D11-00A0C91BC942}") = "SparkEngine-Editor", "SparkEngine-Editor\SparkEngine-Editor.vcxproj", "{F007731A-DCEB-3370-454C-2EC3314F1EF2}"
EndProject
Global
	GlobalSection(SolutionConfigurationPlatforms) = preSolution
		Debug|x64 = Debug|x64
		Dist|x64 = Dist|x64
		Release|x64 = Release|x64
	EndGlobalSection
	GlobalSection(ProjectConfigurationPlatforms) = postSolution
		{92F8B3D9-7EF1-D22B-A723-B8B0937BB237}.Debug|x64.ActiveCfg = Debug|x64
		{92F8B3D9-7EF1-D22B-A723-B8B0937BB237}.Debug|x64.Build.0 = Debug|x64
		{92F8B3D9-7EF1-D22B-A723-B8B0937BB237}.Dist|x64.ActiveCfg = Dist|x64
		{92F8B3D9-7EF1-D22B-A723-B8B0937BB237}.Dist|x64.Build.0 = Dist|x64
		{92F8B3D9-7EF1-D22B-A723-B8B0937BB237}.Release|x64.ActiveCfg = Release|x64
		{92F8B3D9-7EF1-D22B-A723-B8B0937BB237}.Release|x64.Build.0 = Release|x64
		{F007731A-DCEB-3370-454C-2EC3314F1EF2}.Debug|x64.ActiveCfg = Debug|x64
		{F007731A-DCEB-3370-454C-2EC3314F1EF2}.Debug|x64.Build.0 = Debug|x64
		{F007731A-DCEB-3370-454C-2EC3314F1EF2}.Dist|x64.ActiveCfg = Dist|x64
		{F007731A-DCEB-3370-454C-2EC3314F1EF2}.Dist|x64.Build.0 = Dist|x64
		{F007731A-DCEB-3370-454C-2EC3314F1EF2}.Release|x64.ActiveCfg = Release|x64
		{F007731A-DCEB-3370-454C-2EC3314F1EF2}.Release|x64.Build.0 = Release|x64
	EndGlobalSection
	GlobalSection(SolutionProperties) = preSolution
		HideSolutionNode = FALSE
	EndGlobalSection
	GlobalSection(NestedProjects) = preSolution
		{92F8B3D9-7EF1-D22B-A723-B8B0937BB237} = {15A0C35D-0158-05AB-6A5F-DE065636A09B}
	EndGlobalSection
EndGlobal
