<?xml version="1.0" encoding="utf-8"?>
<Project ToolsVersion="4.0" xmlns="http://schemas.microsoft.com/developer/msbuild/2003">
  <ItemGroup>
    <Filter Include="Source Files">
      <UniqueIdentifier>{4FC737F1-C7A5-4376-A066-2A32D752A2FF}</UniqueIdentifier>
      <Extensions>cpp;c;cc;cxx;c++;cppm;ixx;def;odl;idl;hpj;bat;asm;asmx</Extensions>
    </Filter>
    <Filter Include="Header Files">
      <UniqueIdentifier>{93995380-89BD-4b04-88EB-625FBE52EBFB}</UniqueIdentifier>
      <Extensions>h;hh;hpp;hxx;h++;hm;inl;inc;ipp;xsd</Extensions>
    </Filter>
    <Filter Include="Resource Files">
      <UniqueIdentifier>{67DA6AB6-F800-4c08-8B7A-83BB121AAD01}</UniqueIdentifier>
      <Extensions>rc;ico;cur;bmp;dlg;rc2;rct;bin;rgs;gif;jpg;jpeg;jpe;resx;tiff;tif;png;wav;mfcribbon-ms</Extensions>
    </Filter>
    <Filter Include="Resource Files\shaders">
      <UniqueIdentifier>{4d788f57-c727-45b4-a399-707bd9ca4e60}</UniqueIdentifier>
    </Filter>
    <Filter Include="Resource Files\assets">
      <UniqueIdentifier>{d3d418b7-7ff6-4f88-bb5a-085a8dbec553}</UniqueIdentifier>
    </Filter>
    <Filter Include="Resource Files\assets\defaults">
      <UniqueIdentifier>{2c3a5ed4-ab2e-4317-b6d9-e35a49ad75b7}</UniqueIdentifier>
    </Filter>
    <Filter Include="Resource Files\assets\defaults\scenes">
      <UniqueIdentifier>{4a31ebdf-c735-4669-8afb-dd8499374a77}</UniqueIdentifier>
    </Filter>
    <Filter Include="Resource Files\assets\defaults\logos">
      <UniqueIdentifier>{220a97d7-a9ea-491c-a8fd-c7acb6cca3c9}</UniqueIdentifier>
    </Filter>
    <Filter Include="Resource Files\assets\defaults\gui">
      <UniqueIdentifier>{a6247012-4b58-4d60-9afc-e563d020a421}</UniqueIdentifier>
    </Filter>
    <Filter Include="Resource Files\assets\defaults\models">
      <UniqueIdentifier>{37ee02ae-d364-4610-a69a-5fc046f9c0d5}</UniqueIdentifier>
    </Filter>
    <Filter Include="Resource Files\assets\defaults\texts">
      <UniqueIdentifier>{7c3ff1a1-36c6-48f9-a5f3-e4da33a73254}</UniqueIdentifier>
    </Filter>
    <Filter Include="Resource Files\assets\defaults\textures">
      <UniqueIdentifier>{8c206a56-1583-4b9b-b348-d4c50108645c}</UniqueIdentifier>
    </Filter>
    <Filter Include="Resource Files\assets\defaults\textures\skyboxes">
      <UniqueIdentifier>{a3f15ddb-b012-4b2d-a571-95d8213825dc}</UniqueIdentifier>
    </Filter>
    <Filter Include="Resource Files\assets\defaults\textures\skyboxes\space">
      <UniqueIdentifier>{660c311a-ad76-460b-a613-e6c7ab47253b}</UniqueIdentifier>
    </Filter>
    <Filter Include="Resource Files\assets\defaults\textures\skyboxes\bluesky">
      <UniqueIdentifier>{aa1a972b-ca79-438e-a889-33dfa2db70c6}</UniqueIdentifier>
    </Filter>
    <Filter Include="Resource Files\assets\defaults\texts\credits&amp;licence">
      <UniqueIdentifier>{7e15fbdb-57df-4884-92a3-3eea9cc4e1aa}</UniqueIdentifier>
    </Filter>
    <Filter Include="Resource Files\assets\defaults\models\jupiter">
      <UniqueIdentifier>{ac1cf5cc-6ffc-4c24-a754-edd5538855f6}</UniqueIdentifier>
    </Filter>
    <Filter Include="Resource Files\assets\defaults\models\asteroid">
      <UniqueIdentifier>{50dc3702-9568-4046-98b3-450035f7fe3e}</UniqueIdentifier>
    </Filter>
    <Filter Include="Resource Files\assets\defaults\models\sword">
      <UniqueIdentifier>{d17a4423-fd23-4cde-a623-3c8966d03c81}</UniqueIdentifier>
    </Filter>
    <Filter Include="Resource Files\assets\defaults\models\sword\textures">
      <UniqueIdentifier>{3336b203-8018-4d66-9f0b-0fe9a94482c1}</UniqueIdentifier>
    </Filter>
    <Filter Include="Resource Files\assets\defaults\models\spitfire">
      <UniqueIdentifier>{21506afd-cc5c-439d-aa12-fdb080a9c8dc}</UniqueIdentifier>
    </Filter>
    <Filter Include="Resource Files\assets\defaults\models\plane">
      <UniqueIdentifier>{d17110b4-c3e0-4ebe-87dc-1a1309abbd58}</UniqueIdentifier>
    </Filter>
    <Filter Include="Resource Files\assets\defaults\models\cube">
      <UniqueIdentifier>{8047c694-e0ba-4d36-8c5b-78badd23a7da}</UniqueIdentifier>
    </Filter>
    <Filter Include="Resource Files\assets\defaults\gui\engine">
      <UniqueIdentifier>{e453e98e-6558-4e1d-a5a2-cfc47d035b95}</UniqueIdentifier>
    </Filter>
    <Filter Include="Resource Files\assets\defaults\gui\engine\menus">
      <UniqueIdentifier>{8c4f519a-f19c-48c0-b364-a728ce9e6585}</UniqueIdentifier>
    </Filter>
    <Filter Include="Resource Files\assets\defaults\gui\engine\menus\help">
      <UniqueIdentifier>{aa3e9b97-8147-4b32-a64b-b1480b37651c}</UniqueIdentifier>
    </Filter>
    <Filter Include="Resource Files\assets\defaults\gui\engine\menus\file">
      <UniqueIdentifier>{f3b12d90-55e0-4fb8-bba9-bbed631b191c}</UniqueIdentifier>
    </Filter>
    <Filter Include="Resource Files\assets\defaults\gui\engine\menus\edit">
      <UniqueIdentifier>{abd7b241-ab16-4cef-a9e5-71ec480f3503}</UniqueIdentifier>
    </Filter>
    <Filter Include="Resource Files\shaders\defalults">
      <UniqueIdentifier>{9f7b967e-3922-48a9-84a5-097575b3c68a}</UniqueIdentifier>
    </Filter>
    <Filter Include="Resource Files\shaders\defalults\engine">
      <UniqueIdentifier>{b2c98b42-c755-4ba6-9642-cb4bdb99edc0}</UniqueIdentifier>
    </Filter>
    <Filter Include="Resource Files\shaders\defalults\engine\translucency">
      <UniqueIdentifier>{52c3ae27-2981-4888-b868-861b56fb270a}</UniqueIdentifier>
    </Filter>
    <Filter Include="Resource Files\shaders\defalults\engine\skyboxes">
      <UniqueIdentifier>{e3bd6bb0-560f-4542-b6d4-f977d55d1420}</UniqueIdentifier>
    </Filter>
    <Filter Include="Resource Files\shaders\defalults\engine\outlining">
      <UniqueIdentifier>{51c26b0d-13fc-4c73-b971-dbaf2bcea610}</UniqueIdentifier>
    </Filter>
    <Filter Include="Resource Files\shaders\defalults\engine\instancing">
      <UniqueIdentifier>{50d4edd1-6fcf-4641-ad29-75a12b2c09a1}</UniqueIdentifier>
    </Filter>
    <Filter Include="Resource Files\shaders\defalults\engine\geometry">
      <UniqueIdentifier>{d842487b-015a-443a-a889-4309a00fd7d8}</UniqueIdentifier>
    </Filter>
    <Filter Include="Resource Files\shaders\defalults\engine\framebuffer">
      <UniqueIdentifier>{6e67a3d3-202d-4913-8d5f-db5185b01d34}</UniqueIdentifier>
    </Filter>
    <Filter Include="Header Files\basic rendering">
      <UniqueIdentifier>{3424c3d4-f188-472d-bdc3-86024b5ef16d}</UniqueIdentifier>
    </Filter>
    <Filter Include="Header Files\basic rendering\camera">
      <UniqueIdentifier>{6b693f68-d886-436c-ab93-327f96f501e0}</UniqueIdentifier>
    </Filter>
    <Filter Include="Header Files\basic rendering\ebo">
      <UniqueIdentifier>{ef42509a-33ea-4aa5-9f3d-0c3308dbb22c}</UniqueIdentifier>
    </Filter>
    <Filter Include="Header Files\basic rendering\mesh">
      <UniqueIdentifier>{e1ca90b0-b034-4e31-8fc0-db6346ae7483}</UniqueIdentifier>
    </Filter>
    <Filter Include="Header Files\basic rendering\model">
      <UniqueIdentifier>{cb2158ea-d9f7-4518-82cb-1f25e83d6d9d}</UniqueIdentifier>
    </Filter>
    <Filter Include="Header Files\basic rendering\texture">
      <UniqueIdentifier>{b7cfc3d5-f34c-497e-8609-6f6cae7ce032}</UniqueIdentifier>
    </Filter>
    <Filter Include="Header Files\basic rendering\vao">
      <UniqueIdentifier>{ad90dc3a-c62f-427b-a35e-b469125f4c4b}</UniqueIdentifier>
    </Filter>
    <Filter Include="Header Files\basic rendering\vbo">
      <UniqueIdentifier>{fa47dbe8-566a-41ee-9fb6-d6dcc2ffbe10}</UniqueIdentifier>
    </Filter>
    <Filter Include="Header Files\gui">
      <UniqueIdentifier>{46bfe880-f2f8-434f-a78e-395a907f2703}</UniqueIdentifier>
    </Filter>
    <Filter Include="Header Files\libs">
      <UniqueIdentifier>{00992725-26c5-44d9-ba7c-a968348bc85d}</UniqueIdentifier>
    </Filter>
    <Filter Include="Header Files\libs\imgui lib">
      <UniqueIdentifier>{e681cfbf-2f41-475c-ba41-d1812a0a1da7}</UniqueIdentifier>
    </Filter>
    <Filter Include="Header Files\scene management">
      <UniqueIdentifier>{58f9b09a-0457-46af-b715-8ddc73fbec31}</UniqueIdentifier>
    </Filter>
    <Filter Include="Header Files\utils">
      <UniqueIdentifier>{d2e09a68-031a-4751-b048-a7bc1732a324}</UniqueIdentifier>
    </Filter>
    <Filter Include="Header Files\utils\engine">
      <UniqueIdentifier>{8189b033-9d24-44bd-bf4f-c78dc7d86f37}</UniqueIdentifier>
    </Filter>
    <Filter Include="Header Files\utils\inputs">
      <UniqueIdentifier>{fdca37d9-7931-4f27-be4c-96787ddebb7a}</UniqueIdentifier>
    </Filter>
    <Filter Include="Header Files\utils\rendering">
      <UniqueIdentifier>{aea926c6-d2f8-4918-af43-fa018145ecb5}</UniqueIdentifier>
    </Filter>
    <Filter Include="Source Files\basic rendering">
      <UniqueIdentifier>{db3625a4-6ef1-4483-a4b2-86524224c8a9}</UniqueIdentifier>
    </Filter>
    <Filter Include="Source Files\gui">
      <UniqueIdentifier>{c58770eb-8c04-475e-90d3-88f1cad1c6e6}</UniqueIdentifier>
    </Filter>
    <Filter Include="Source Files\libs">
      <UniqueIdentifier>{ceba3ef9-da1f-41f7-90ef-0604bb2fec74}</UniqueIdentifier>
    </Filter>
    <Filter Include="Source Files\scene management">
      <UniqueIdentifier>{1964bdc8-bd79-4f64-b2c3-909683f8c3b1}</UniqueIdentifier>
    </Filter>
    <Filter Include="Source Files\utils">
      <UniqueIdentifier>{76aa4fef-4646-4793-a573-a93c8501b34f}</UniqueIdentifier>
    </Filter>
    <Filter Include="Source Files\basic rendering\camera">
      <UniqueIdentifier>{58ee08bb-5f55-4ba3-83c5-09916b717153}</UniqueIdentifier>
    </Filter>
    <Filter Include="Source Files\basic rendering\ebo">
      <UniqueIdentifier>{6300b613-430d-45fc-be1c-5c8d1c24a199}</UniqueIdentifier>
    </Filter>
    <Filter Include="Source Files\basic rendering\mesh">
      <UniqueIdentifier>{82516dc8-6d71-4875-9488-972f83c5f59e}</UniqueIdentifier>
    </Filter>
    <Filter Include="Source Files\basic rendering\model">
      <UniqueIdentifier>{21d9f494-18ad-4f84-9e1e-670875759a62}</UniqueIdentifier>
    </Filter>
    <Filter Include="Source Files\basic rendering\vbo">
      <UniqueIdentifier>{11bb880c-94da-4821-8362-c9d7065aff8b}</UniqueIdentifier>
    </Filter>
    <Filter Include="Source Files\basic rendering\vao">
      <UniqueIdentifier>{d70e6992-d341-4ac1-8b4d-25f24fdc53ba}</UniqueIdentifier>
    </Filter>
    <Filter Include="Source Files\basic rendering\texture">
      <UniqueIdentifier>{8749d4ac-e882-4169-a530-ef9b5af4b19d}</UniqueIdentifier>
    </Filter>
    <Filter Include="Source Files\basic rendering\shader">
      <UniqueIdentifier>{52e6ea8b-d986-4324-828e-3d0e9ef32de9}</UniqueIdentifier>
    </Filter>
    <Filter Include="Header Files\basic rendering\shader">
      <UniqueIdentifier>{676b2da2-4b87-4399-9a25-7401a2af3b70}</UniqueIdentifier>
    </Filter>
    <Filter Include="Source Files\libs\imgui lib">
      <UniqueIdentifier>{879e8bd2-8c4d-4b65-b414-ea7b8ad80618}</UniqueIdentifier>
    </Filter>
    <Filter Include="Source Files\utils\engine">
      <UniqueIdentifier>{6179aa98-044f-4c19-9fa6-6a7abf4ec0b9}</UniqueIdentifier>
    </Filter>
    <Filter Include="Header Files\physics">
      <UniqueIdentifier>{bf0ed285-627a-4aec-856b-47599c1a4c9f}</UniqueIdentifier>
    </Filter>
    <Filter Include="Source Files\physics">
      <UniqueIdentifier>{8254daf4-4974-4dba-9aa2-17bf5a18f473}</UniqueIdentifier>
    </Filter>
    <Filter Include="Header Files\basic rendering\fbo">
      <UniqueIdentifier>{d13b0569-462f-4b65-8201-75bacd461435}</UniqueIdentifier>
    </Filter>
    <Filter Include="Source Files\basic rendering\fbo">
      <UniqueIdentifier>{2936a9a3-cd7e-40e1-ab0f-4de1a0feed62}</UniqueIdentifier>
    </Filter>
    <Filter Include="Resource Files\assets\defaults\models\flying_island">
      <UniqueIdentifier>{af157e12-de3a-4645-8007-1025b39914fc}</UniqueIdentifier>
    </Filter>
    <Filter Include="Resource Files\assets\defaults\textures\skyboxes\base">
      <UniqueIdentifier>{abcf5893-ff5d-45df-82f0-146e8db3f89f}</UniqueIdentifier>
    </Filter>
  </ItemGroup>
  <ItemGroup>
    <ClCompile Include="SparkEngine.cpp">
      <Filter>Source Files</Filter>
    </ClCompile>
    <ClCompile Include="srcs\Basic Rendering\Camera\Camera.cpp">
      <Filter>Source Files\basic rendering\camera</Filter>
    </ClCompile>
    <ClCompile Include="srcs\Basic Rendering\EBO\EBO.cpp">
      <Filter>Source Files\basic rendering\ebo</Filter>
    </ClCompile>
    <ClCompile Include="srcs\Basic Rendering\Mesh\Mesh.cpp">
      <Filter>Source Files\basic rendering\mesh</Filter>
    </ClCompile>
    <ClCompile Include="srcs\Basic Rendering\Model\Model.cpp">
      <Filter>Source Files\basic rendering\model</Filter>
    </ClCompile>
    <ClCompile Include="srcs\Basic Rendering\Shader\Shader.cpp">
      <Filter>Source Files\basic rendering\shader</Filter>
    </ClCompile>
    <ClCompile Include="srcs\Basic Rendering\Texture\Texture.cpp">
      <Filter>Source Files\basic rendering\texture</Filter>
    </ClCompile>
    <ClCompile Include="srcs\Basic Rendering\VAO\VAO.cpp">
      <Filter>Source Files\basic rendering\vao</Filter>
    </ClCompile>
    <ClCompile Include="srcs\Basic Rendering\VBO\VBO.cpp">
      <Filter>Source Files\basic rendering\vbo</Filter>
    </ClCompile>
    <ClCompile Include="srcs\Gui\ImGuiMain.cpp">
      <Filter>Source Files\gui</Filter>
    </ClCompile>
    <ClCompile Include="srcs\Scene Management\SceneParser.cpp">
      <Filter>Source Files\scene management</Filter>
    </ClCompile>
    <ClCompile Include="srcs\Scene Management\SceneLoader.cpp">
      <Filter>Source Files\scene management</Filter>
    </ClCompile>
    <ClCompile Include="srcs\Scene Management\Components.cpp">
      <Filter>Source Files\scene management</Filter>
    </ClCompile>
    <ClCompile Include="srcs\Utils\Engine\EngineUtils.cpp">
      <Filter>Source Files\utils\engine</Filter>
    </ClCompile>
    <ClCompile Include="srcs\Gui\ImGuiUtils.cpp">
      <Filter>Source Files\gui</Filter>
    </ClCompile>
    <ClCompile Include="srcs\Basic Rendering\FBO\FrameBuffer.cpp">
      <Filter>Source Files\basic rendering\fbo</Filter>
    </ClCompile>
    <ClCompile Include="srcs\Libraries\ImGui_Lib\imgui_impl_glfw.cpp">
      <Filter>Source Files\libs\imgui lib</Filter>
    </ClCompile>
    <ClCompile Include="srcs\Libraries\ImGui_Lib\imgui_widgets.cpp">
      <Filter>Source Files\libs\imgui lib</Filter>
    </ClCompile>
    <ClCompile Include="srcs\Libraries\ImGui_Lib\imgui_tables.cpp">
      <Filter>Source Files\libs\imgui lib</Filter>
    </ClCompile>
    <ClCompile Include="srcs\Libraries\ImGui_Lib\imgui_impl_opengl3.cpp">
      <Filter>Source Files\libs\imgui lib</Filter>
    </ClCompile>
    <ClCompile Include="srcs\Libraries\ImGui_Lib\imgui_draw.cpp">
      <Filter>Source Files\libs\imgui lib</Filter>
    </ClCompile>
    <ClCompile Include="srcs\Libraries\ImGui_Lib\imgui_demo.cpp">
      <Filter>Source Files\libs\imgui lib</Filter>
    </ClCompile>
    <ClCompile Include="srcs\Libraries\ImGui_Lib\imgui.cpp">
      <Filter>Source Files\libs\imgui lib</Filter>
    </ClCompile>
    <ClCompile Include="srcs\Libraries\ImGui_Lib\ImGuizmo.cpp">
      <Filter>Source Files\libs\imgui lib</Filter>
    </ClCompile>
    <ClCompile Include="srcs\Libraries\glad.c">
      <Filter>Source Files\libs</Filter>
    </ClCompile>
    <ClCompile Include="srcs\Libraries\stb.cpp">
      <Filter>Source Files\libs</Filter>
    </ClCompile>
  </ItemGroup>
  <ItemGroup>
    <None Include="assets\defaults\models\sword\scene.bin">
      <Filter>Resource Files\assets\defaults\models\sword</Filter>
    </None>
    <None Include="assets\defaults\models\sword\scene.gltf">
      <Filter>Resource Files\assets\defaults\models\sword</Filter>
    </None>
    <None Include="assets\defaults\models\spitfire\scene.bin">
      <Filter>Resource Files\assets\defaults\models\spitfire</Filter>
    </None>
    <None Include="assets\defaults\models\spitfire\scene.gltf">
      <Filter>Resource Files\assets\defaults\models\spitfire</Filter>
    </None>
    <None Include="assets\defaults\models\asteroid\scene.bin">
      <Filter>Resource Files\assets\defaults\models\asteroid</Filter>
    </None>
    <None Include="assets\defaults\models\asteroid\scene.gltf">
      <Filter>Resource Files\assets\defaults\models\asteroid</Filter>
    </None>
    <None Include="assets\defaults\models\plane\scene.bin">
      <Filter>Resource Files\assets\defaults\models\plane</Filter>
    </None>
    <None Include="assets\defaults\models\plane\scene.gltf">
      <Filter>Resource Files\assets\defaults\models\plane</Filter>
    </None>
    <None Include="assets\defaults\models\jupiter\scene.bin">
      <Filter>Resource Files\assets\defaults\models\jupiter</Filter>
    </None>
    <None Include="assets\defaults\models\jupiter\scene.gltf">
      <Filter>Resource Files\assets\defaults\models\jupiter</Filter>
    </None>
    <None Include="assets\defaults\models\cube\scene.bin">
      <Filter>Resource Files\assets\defaults\models\cube</Filter>
    </None>
    <None Include="assets\defaults\models\cube\scene.gltf">
      <Filter>Resource Files\assets\defaults\models\cube</Filter>
    </None>
    <None Include="assets\defaults\scenes\test_simple_light.json">
      <Filter>Resource Files\assets\defaults\scenes</Filter>
    </None>
    <None Include="srcs\Shaders\Defaults\Engine\default.frag">
      <Filter>Resource Files\shaders\defalults\engine</Filter>
    </None>
    <None Include="srcs\Shaders\Defaults\Engine\default.vert">
      <Filter>Resource Files\shaders\defalults\engine</Filter>
    </None>
    <None Include="srcs\Shaders\Defaults\Engine\Translucency\grass.frag">
      <Filter>Resource Files\shaders\defalults\engine\translucency</Filter>
    </None>
    <None Include="srcs\Shaders\Defaults\Engine\Translucency\windows.frag">
      <Filter>Resource Files\shaders\defalults\engine\translucency</Filter>
    </None>
    <None Include="srcs\Shaders\Defaults\Engine\Skyboxes\skybox.frag">
      <Filter>Resource Files\shaders\defalults\engine\skyboxes</Filter>
    </None>
    <None Include="srcs\Shaders\Defaults\Engine\Skyboxes\skybox.vert">
      <Filter>Resource Files\shaders\defalults\engine\skyboxes</Filter>
    </None>
    <None Include="srcs\Shaders\Defaults\Engine\Outlining\outlining.frag">
      <Filter>Resource Files\shaders\defalults\engine\outlining</Filter>
    </None>
    <None Include="srcs\Shaders\Defaults\Engine\Outlining\outlining.vert">
      <Filter>Resource Files\shaders\defalults\engine\outlining</Filter>
    </None>
    <None Include="srcs\Shaders\Defaults\Engine\Instancing\asteroid.vert">
      <Filter>Resource Files\shaders\defalults\engine\instancing</Filter>
    </None>
    <None Include="srcs\Shaders\Defaults\Engine\Geometry\normals.frag">
      <Filter>Resource Files\shaders\defalults\engine\geometry</Filter>
    </None>
    <None Include="srcs\Shaders\Defaults\Engine\Geometry\normals.geom">
      <Filter>Resource Files\shaders\defalults\engine\geometry</Filter>
    </None>
    <None Include="srcs\Shaders\Defaults\Engine\Framebuffer\framebuffer.frag">
      <Filter>Resource Files\shaders\defalults\engine\framebuffer</Filter>
    </None>
    <None Include="srcs\Shaders\Defaults\Engine\Framebuffer\framebuffer.vert">
      <Filter>Resource Files\shaders\defalults\engine\framebuffer</Filter>
    </None>
    <None Include="assets\defaults\models\flying_island\scene.bin">
      <Filter>Resource Files\assets\defaults\models\flying_island</Filter>
    </None>
    <None Include="assets\defaults\models\flying_island\scene.gltf">
      <Filter>Resource Files\assets\defaults\models\flying_island</Filter>
    </None>
    <None Include="assets\defaults\scenes\scene_render.json">
      <Filter>Resource Files\assets\defaults\scenes</Filter>
    </None>
  </ItemGroup>
  <ItemGroup>
    <Image Include="assets\defaults\textures\brick.png">
      <Filter>Resource Files\assets\defaults\textures</Filter>
    </Image>
    <Image Include="assets\defaults\textures\planks.png">
      <Filter>Resource Files\assets\defaults\textures</Filter>
    </Image>
    <Image Include="assets\defaults\textures\planksSpec.png">
      <Filter>Resource Files\assets\defaults\textures</Filter>
    </Image>
    <Image Include="assets\defaults\textures\skyboxes\space\top.png">
      <Filter>Resource Files\assets\defaults\textures\skyboxes\space</Filter>
    </Image>
    <Image Include="assets\defaults\textures\skyboxes\space\right.png">
      <Filter>Resource Files\assets\defaults\textures\skyboxes\space</Filter>
    </Image>
    <Image Include="assets\defaults\textures\skyboxes\space\left.png">
      <Filter>Resource Files\assets\defaults\textures\skyboxes\space</Filter>
    </Image>
    <Image Include="assets\defaults\textures\skyboxes\space\front.png">
      <Filter>Resource Files\assets\defaults\textures\skyboxes\space</Filter>
    </Image>
    <Image Include="assets\defaults\textures\skyboxes\space\bottom.png">
      <Filter>Resource Files\assets\defaults\textures\skyboxes\space</Filter>
    </Image>
    <Image Include="assets\defaults\textures\skyboxes\space\back.png">
      <Filter>Resource Files\assets\defaults\textures\skyboxes\space</Filter>
    </Image>
    <Image Include="assets\defaults\textures\skyboxes\bluesky\back.jpg">
      <Filter>Resource Files\assets\defaults\textures\skyboxes\bluesky</Filter>
    </Image>
    <Image Include="assets\defaults\textures\skyboxes\bluesky\bottom.jpg">
      <Filter>Resource Files\assets\defaults\textures\skyboxes\bluesky</Filter>
    </Image>
    <Image Include="assets\defaults\textures\skyboxes\bluesky\front.jpg">
      <Filter>Resource Files\assets\defaults\textures\skyboxes\bluesky</Filter>
    </Image>
    <Image Include="assets\defaults\textures\skyboxes\bluesky\left.jpg">
      <Filter>Resource Files\assets\defaults\textures\skyboxes\bluesky</Filter>
    </Image>
    <Image Include="assets\defaults\textures\skyboxes\bluesky\right.jpg">
      <Filter>Resource Files\assets\defaults\textures\skyboxes\bluesky</Filter>
    </Image>
    <Image Include="assets\defaults\textures\skyboxes\bluesky\top.jpg">
      <Filter>Resource Files\assets\defaults\textures\skyboxes\bluesky</Filter>
    </Image>
    <Image Include="assets\defaults\models\sword\textures\Object001_mtl_baseColor.jpeg">
      <Filter>Resource Files\assets\defaults\models\sword\textures</Filter>
    </Image>
    <Image Include="assets\defaults\models\spitfire\diffuse.png">
      <Filter>Resource Files\assets\defaults\models\spitfire</Filter>
    </Image>
    <Image Include="assets\defaults\models\spitfire\Image.png">
      <Filter>Resource Files\assets\defaults\models\spitfire</Filter>
    </Image>
    <Image Include="assets\defaults\models\spitfire\specular.png">
      <Filter>Resource Files\assets\defaults\models\spitfire</Filter>
    </Image>
    <Image Include="assets\defaults\models\asteroid\Default_baseColor.png">
      <Filter>Resource Files\assets\defaults\models\asteroid</Filter>
    </Image>
    <Image Include="assets\defaults\models\asteroid\Default_normal.png">
      <Filter>Resource Files\assets\defaults\models\asteroid</Filter>
    </Image>
    <Image Include="assets\defaults\models\plane\diffuse.png">
      <Filter>Resource Files\assets\defaults\models\plane</Filter>
    </Image>
    <Image Include="assets\defaults\models\plane\Image.png">
      <Filter>Resource Files\assets\defaults\models\plane</Filter>
    </Image>
    <Image Include="assets\defaults\models\plane\specular.png">
      <Filter>Resource Files\assets\defaults\models\plane</Filter>
    </Image>
    <Image Include="assets\defaults\models\jupiter\diffuse.png">
      <Filter>Resource Files\assets\defaults\models\jupiter</Filter>
    </Image>
    <Image Include="assets\defaults\models\cube\diffuse.png">
      <Filter>Resource Files\assets\defaults\models\cube</Filter>
    </Image>
    <Image Include="assets\defaults\models\cube\Image.png">
      <Filter>Resource Files\assets\defaults\models\cube</Filter>
    </Image>
    <Image Include="assets\defaults\gui\engine\menus\help\code.png">
      <Filter>Resource Files\assets\defaults\gui\engine\menus\help</Filter>
    </Image>
    <Image Include="assets\defaults\gui\engine\menus\help\certificate.png">
      <Filter>Resource Files\assets\defaults\gui\engine\menus\help</Filter>
    </Image>
    <Image Include="assets\defaults\gui\engine\menus\help\question.png">
      <Filter>Resource Files\assets\defaults\gui\engine\menus\help</Filter>
    </Image>
    <Image Include="assets\defaults\gui\engine\menus\help\list.png">
      <Filter>Resource Files\assets\defaults\gui\engine\menus\help</Filter>
    </Image>
    <Image Include="assets\defaults\gui\engine\menus\help\book.png">
      <Filter>Resource Files\assets\defaults\gui\engine\menus\help</Filter>
    </Image>
    <Image Include="assets\defaults\logos\icon - white.png">
      <Filter>Resource Files\assets\defaults\logos</Filter>
    </Image>
    <Image Include="assets\defaults\logos\scene_file_icon.ico">
      <Filter>Resource Files\assets\defaults\logos</Filter>
    </Image>
    <Image Include="assets\defaults\logos\.scene_file_icon.png">
      <Filter>Resource Files\assets\defaults\logos</Filter>
    </Image>
    <Image Include="assets\defaults\logos\icon.ico">
      <Filter>Resource Files\assets\defaults\logos</Filter>
    </Image>
    <Image Include="assets\defaults\logos\icon.png">
      <Filter>Resource Files\assets\defaults\logos</Filter>
    </Image>
  </ItemGroup>
  <ItemGroup>
    <Text Include="assets\defaults\texts\credits&amp;licence\credits.txt">
      <Filter>Resource Files\assets\defaults\texts\credits&amp;licence</Filter>
    </Text>
  </ItemGroup>
  <ItemGroup>
    <ClInclude Include="srcs\Basic Rendering\Camera\Camera.h">
      <Filter>Header Files\basic rendering\camera</Filter>
    </ClInclude>
    <ClInclude Include="srcs\Basic Rendering\EBO\EBO.h">
      <Filter>Header Files\basic rendering\ebo</Filter>
    </ClInclude>
    <ClInclude Include="srcs\Basic Rendering\Mesh\Mesh.h">
      <Filter>Header Files\basic rendering\mesh</Filter>
    </ClInclude>
    <ClInclude Include="srcs\Basic Rendering\Model\Model.h">
      <Filter>Header Files\basic rendering\model</Filter>
    </ClInclude>
    <ClInclude Include="srcs\Basic Rendering\Shader\Shader.h">
      <Filter>Header Files\basic rendering\shader</Filter>
    </ClInclude>
    <ClInclude Include="srcs\Basic Rendering\Texture\Texture.h">
      <Filter>Header Files\basic rendering\texture</Filter>
    </ClInclude>
    <ClInclude Include="srcs\Basic Rendering\VAO\VAO.h">
      <Filter>Header Files\basic rendering\vao</Filter>
    </ClInclude>
    <ClInclude Include="srcs\Basic Rendering\VBO\VBO.h">
      <Filter>Header Files\basic rendering\vbo</Filter>
    </ClInclude>
    <ClInclude Include="srcs\Gui\ImGuiMain.h">
      <Filter>Header Files\gui</Filter>
    </ClInclude>
    <ClInclude Include="srcs\Scene Management\SceneLoader.h">
      <Filter>Header Files\scene management</Filter>
    </ClInclude>
    <ClInclude Include="srcs\Scene Management\SceneParser.h">
      <Filter>Header Files\scene management</Filter>
    </ClInclude>
    <ClInclude Include="srcs\Scene Management\Components.h">
      <Filter>Header Files\scene management</Filter>
    </ClInclude>
    <ClInclude Include="srcs\Utils\Engine\EngineUtils.h">
      <Filter>Header Files\utils\engine</Filter>
    </ClInclude>
    <ClInclude Include="srcs\Utils\Inputs\InputsUtils.h">
      <Filter>Header Files\utils\inputs</Filter>
    </ClInclude>
    <ClInclude Include="srcs\Utils\Rendering\Line.h">
      <Filter>Header Files\utils\rendering</Filter>
    </ClInclude>
    <ClInclude Include="srcs\Gui\ImGuiUtils.h">
      <Filter>Header Files\gui</Filter>
    </ClInclude>
    <ClInclude Include="srcs\Basic Rendering\FBO\FrameBuffer.h">
      <Filter>Header Files\basic rendering\fbo</Filter>
    </ClInclude>
    <ClInclude Include="srcs\Libraries\ImGui_Lib\IconsFontAwesome5Pro.h">
      <Filter>Header Files\libs\imgui lib</Filter>
    </ClInclude>
    <ClInclude Include="srcs\Libraries\ImGui_Lib\imstb_truetype.h">
      <Filter>Header Files\libs\imgui lib</Filter>
    </ClInclude>
    <ClInclude Include="srcs\Libraries\ImGui_Lib\imstb_rectpack.h">
      <Filter>Header Files\libs\imgui lib</Filter>
    </ClInclude>
    <ClInclude Include="srcs\Libraries\ImGui_Lib\imstb_textedit.h">
      <Filter>Header Files\libs\imgui lib</Filter>
    </ClInclude>
    <ClInclude Include="srcs\Libraries\ImGui_Lib\imgui_internal.h">
      <Filter>Header Files\libs\imgui lib</Filter>
    </ClInclude>
    <ClInclude Include="srcs\Libraries\ImGui_Lib\imgui_impl_opengl3_loader.h">
      <Filter>Header Files\libs\imgui lib</Filter>
    </ClInclude>
    <ClInclude Include="srcs\Libraries\ImGui_Lib\imgui_impl_opengl3.h">
      <Filter>Header Files\libs\imgui lib</Filter>
    </ClInclude>
    <ClInclude Include="srcs\Libraries\ImGui_Lib\imgui_impl_glfw.h">
      <Filter>Header Files\libs\imgui lib</Filter>
    </ClInclude>
    <ClInclude Include="srcs\Libraries\ImGui_Lib\imgui.h">
      <Filter>Header Files\libs\imgui lib</Filter>
    </ClInclude>
    <ClInclude Include="srcs\Libraries\ImGui_Lib\imconfig.h">
      <Filter>Header Files\libs\imgui lib</Filter>
    </ClInclude>
    <ClInclude Include="srcs\Libraries\ImGui_Lib\ImGuizmo.h">
      <Filter>Header Files\libs\imgui lib</Filter>
    </ClInclude>
    <ClInclude Include="srcs\Libraries\ImGui_Lib\imgui_notify.h">
      <Filter>Header Files\libs\imgui lib</Filter>
    </ClInclude>
    <ClInclude Include="srcs\Libraries\ImGui_Lib\tahoma.h">
      <Filter>Header Files\libs\imgui lib</Filter>
    </ClInclude>
  </ItemGroup>
</Project>