<?xml version="1.0" encoding="utf-8"?>
<Project ToolsVersion="4.0" xmlns="http://schemas.microsoft.com/developer/msbuild/2003">
  <ItemGroup>
    <Filter Include="Gui">
      <UniqueIdentifier>{6AF0870B-D6F9-877C-5F75-9E7CCB7D937C}</UniqueIdentifier>
    </Filter>
  </ItemGroup>
  <ItemGroup>
    <ClInclude Include="Source\Gui\ImGuiMain.h">
      <Filter>Gui</Filter>
    </ClInclude>
    <ClInclude Include="Source\Gui\ImGuiUtils.h">
      <Filter>Gui</Filter>
    </ClInclude>
  </ItemGroup>
  <ItemGroup>
    <ClCompile Include="Source\Gui\ImGuiMain.cpp">
      <Filter>Gui</Filter>
    </ClCompile>
    <ClCompile Include="Source\Gui\ImGuiUtils.cpp">
      <Filter>Gui</Filter>
    </ClCompile>
    <ClCompile Include="Source\SparkEngine.cpp" />
  </ItemGroup>
</Project>