<?xml version="1.0" encoding="utf-8"?>
<Project ToolsVersion="4.0" xmlns="http://schemas.microsoft.com/developer/msbuild/2003">
  <ItemGroup>
    <Filter Include="Basic Rendering">
      <UniqueIdentifier>{6546977E-D1D1-0443-DAE2-873746ED6043}</UniqueIdentifier>
    </Filter>
    <Filter Include="Basic Rendering\Camera">
      <UniqueIdentifier>{3D17394A-2911-629C-127E-F8ACFE16C808}</UniqueIdentifier>
    </Filter>
    <Filter Include="Basic Rendering\EBO">
      <UniqueIdentifier>{0AE508EC-7646-E6F9-FFB3-2CAC6B141DB9}</UniqueIdentifier>
    </Filter>
    <Filter Include="Basic Rendering\FBO">
      <UniqueIdentifier>{4BE908EC-B74A-E6F9-40B8-2CACAC181DB9}</UniqueIdentifier>
    </Filter>
    <Filter Include="Basic Rendering\Mesh">
      <UniqueIdentifier>{41832A6D-2D12-B436-D630-C831C29EC4DC}</UniqueIdentifier>
    </Filter>
    <Filter Include="Basic Rendering\Model">
      <UniqueIdentifier>{65278012-D193-3B0D-9A87-D36A06B35D75}</UniqueIdentifier>
    </Filter>
    <Filter Include="Basic Rendering\Shader">
      <UniqueIdentifier>{6BB20370-57AC-2CC2-4019-C3D22CB2922E}</UniqueIdentifier>
    </Filter>
    <Filter Include="Basic Rendering\Texture">
      <UniqueIdentifier>{C5001EB8-3138-664F-3A42-CA72A6F88C48}</UniqueIdentifier>
    </Filter>
    <Filter Include="Basic Rendering\VAO">
      <UniqueIdentifier>{3A2D09EC-A68E-E6F9-2FFC-2CAC9B5C1DB9}</UniqueIdentifier>
    </Filter>
    <Filter Include="Basic Rendering\VBO">
      <UniqueIdentifier>{5B2D09EC-C78E-E6F9-50FC-2CACBC5C1DB9}</UniqueIdentifier>
    </Filter>
    <Filter Include="Level Management">
      <UniqueIdentifier>{7AE32FBC-66DC-4E0E-8F0E-34937B662E1A}</UniqueIdentifier>
    </Filter>
    <Filter Include="Libraries">
      <UniqueIdentifier>{0259E1F6-6EC3-956D-B701-471323AB73C2}</UniqueIdentifier>
    </Filter>
    <Filter Include="Libraries\ImGui_Lib">
      <UniqueIdentifier>{E2664609-4EC8-2317-D735-6AC943965AD6}</UniqueIdentifier>
    </Filter>
    <Filter Include="Physics">
      <UniqueIdentifier>{888B590D-F46A-D8A8-FD82-637F69E13E0A}</UniqueIdentifier>
    </Filter>
    <Filter Include="Third-Party">
      <UniqueIdentifier>{5D0912CF-C9BE-8AC4-52B3-849BBE6781C8}</UniqueIdentifier>
    </Filter>
    <Filter Include="Third-Party\include">
      <UniqueIdentifier>{D03DCD6C-3C9F-AA7A-C50C-F12C316DE139}</UniqueIdentifier>
    </Filter>
    <Filter Include="Third-Party\include\GLFW">
      <UniqueIdentifier>{0F1B47A8-FB3F-9628-248B-7BB8100F9546}</UniqueIdentifier>
    </Filter>
    <Filter Include="Third-Party\include\KHR">
      <UniqueIdentifier>{44B4F269-B0EB-3A01-B9F5-9E2425AC61FA}</UniqueIdentifier>
    </Filter>
    <Filter Include="Third-Party\include\glad">
      <UniqueIdentifier>{D73259A8-C357-A828-ECA2-8DB8D826A746}</UniqueIdentifier>
    </Filter>
    <Filter Include="Third-Party\include\glm">
      <UniqueIdentifier>{1F30F369-8B67-3B01-9471-9F24002862FA}</UniqueIdentifier>
    </Filter>
    <Filter Include="Third-Party\include\glm\detail">
      <UniqueIdentifier>{01EF0F61-ED14-DAC7-D65A-5F93C21FFF93}</UniqueIdentifier>
    </Filter>
    <Filter Include="Third-Party\include\glm\simd">
      <UniqueIdentifier>{DB7754DD-C732-4489-70EA-BCD35C848E19}</UniqueIdentifier>
    </Filter>
    <Filter Include="Third-Party\include\json">
      <UniqueIdentifier>{99F75AA8-851C-AA28-AE67-8FB89AEBA846}</UniqueIdentifier>
    </Filter>
    <Filter Include="Third-Party\include\stb">
      <UniqueIdentifier>{2864F369-949B-3B01-9DA5-9F24095C62FA}</UniqueIdentifier>
    </Filter>
    <Filter Include="Utils">
      <UniqueIdentifier>{F68B420E-62A0-6ABF-2B22-0E1F97F566F0}</UniqueIdentifier>
    </Filter>
    <Filter Include="Utils\Engine">
      <UniqueIdentifier>{BBA5C0C0-A708-5065-508E-881B3CD01BE8}</UniqueIdentifier>
    </Filter>
    <Filter Include="Utils\Inputs">
      <UniqueIdentifier>{886B1ACA-74CE-A96E-1D54-E224099675F1}</UniqueIdentifier>
    </Filter>
    <Filter Include="Utils\Rendering">
      <UniqueIdentifier>{C340360E-2FCC-A3D2-38DD-26C7A4E7FFD2}</UniqueIdentifier>
    </Filter>
  </ItemGroup>
  <ItemGroup>
    <ClInclude Include="Source\Basic Rendering\Camera\Camera.h">
      <Filter>Basic Rendering\Camera</Filter>
    </ClInclude>
    <ClInclude Include="Source\Basic Rendering\EBO\EBO.h">
      <Filter>Basic Rendering\EBO</Filter>
    </ClInclude>
    <ClInclude Include="Source\Basic Rendering\FBO\FrameBuffer.h">
      <Filter>Basic Rendering\FBO</Filter>
    </ClInclude>
    <ClInclude Include="Source\Basic Rendering\Mesh\Mesh.h">
      <Filter>Basic Rendering\Mesh</Filter>
    </ClInclude>
    <ClInclude Include="Source\Basic Rendering\Model\Model.h">
      <Filter>Basic Rendering\Model</Filter>
    </ClInclude>
    <ClInclude Include="Source\Basic Rendering\Shader\Shader.h">
      <Filter>Basic Rendering\Shader</Filter>
    </ClInclude>
    <ClInclude Include="Source\Basic Rendering\Texture\Texture.h">
      <Filter>Basic Rendering\Texture</Filter>
    </ClInclude>
    <ClInclude Include="Source\Basic Rendering\VAO\VAO.h">
      <Filter>Basic Rendering\VAO</Filter>
    </ClInclude>
    <ClInclude Include="Source\Basic Rendering\VBO\VBO.h">
      <Filter>Basic Rendering\VBO</Filter>
    </ClInclude>
    <ClInclude Include="Source\Level Management\Components.h">
      <Filter>Level Management</Filter>
    </ClInclude>
    <ClInclude Include="Source\Level Management\LevelLoader.h">
      <Filter>Level Management</Filter>
    </ClInclude>
    <ClInclude Include="Source\Level Management\LevelParser.h">
      <Filter>Level Management</Filter>
    </ClInclude>
    <ClInclude Include="Source\Level Management\LevelWriter.h">
      <Filter>Level Management</Filter>
    </ClInclude>
    <ClInclude Include="Source\Libraries\ImGui_Lib\IconsFontAwesome5Pro.h">
      <Filter>Libraries\ImGui_Lib</Filter>
    </ClInclude>
    <ClInclude Include="Source\Libraries\ImGui_Lib\ImGuizmo.h">
      <Filter>Libraries\ImGui_Lib</Filter>
    </ClInclude>
    <ClInclude Include="Source\Libraries\ImGui_Lib\imconfig.h">
      <Filter>Libraries\ImGui_Lib</Filter>
    </ClInclude>
    <ClInclude Include="Source\Libraries\ImGui_Lib\imgui.h">
      <Filter>Libraries\ImGui_Lib</Filter>
    </ClInclude>
    <ClInclude Include="Source\Libraries\ImGui_Lib\imgui_impl_glfw.h">
      <Filter>Libraries\ImGui_Lib</Filter>
    </ClInclude>
    <ClInclude Include="Source\Libraries\ImGui_Lib\imgui_impl_opengl3.h">
      <Filter>Libraries\ImGui_Lib</Filter>
    </ClInclude>
    <ClInclude Include="Source\Libraries\ImGui_Lib\imgui_impl_opengl3_loader.h">
      <Filter>Libraries\ImGui_Lib</Filter>
    </ClInclude>
    <ClInclude Include="Source\Libraries\ImGui_Lib\imgui_internal.h">
      <Filter>Libraries\ImGui_Lib</Filter>
    </ClInclude>
    <ClInclude Include="Source\Libraries\ImGui_Lib\imgui_notify.h">
      <Filter>Libraries\ImGui_Lib</Filter>
    </ClInclude>
    <ClInclude Include="Source\Libraries\ImGui_Lib\imstb_rectpack.h">
      <Filter>Libraries\ImGui_Lib</Filter>
    </ClInclude>
    <ClInclude Include="Source\Libraries\ImGui_Lib\imstb_textedit.h">
      <Filter>Libraries\ImGui_Lib</Filter>
    </ClInclude>
    <ClInclude Include="Source\Libraries\ImGui_Lib\imstb_truetype.h">
      <Filter>Libraries\ImGui_Lib</Filter>
    </ClInclude>
    <ClInclude Include="Source\Libraries\ImGui_Lib\tahoma.h">
      <Filter>Libraries\ImGui_Lib</Filter>
    </ClInclude>
    <ClInclude Include="Source\Physics\Collision.h">
      <Filter>Physics</Filter>
    </ClInclude>
    <ClInclude Include="Source\Physics\Dynamics.h">
      <Filter>Physics</Filter>
    </ClInclude>
    <ClInclude Include="Source\Third-Party\include\GLFW\glfw3.h">
      <Filter>Third-Party\include\GLFW</Filter>
    </ClInclude>
    <ClInclude Include="Source\Third-Party\include\GLFW\glfw3native.h">
      <Filter>Third-Party\include\GLFW</Filter>
    </ClInclude>
    <ClInclude Include="Source\Third-Party\include\KHR\khrplatform.h">
      <Filter>Third-Party\include\KHR</Filter>
    </ClInclude>
    <ClInclude Include="Source\Third-Party\include\glad\glad.h">
      <Filter>Third-Party\include\glad</Filter>
    </ClInclude>
    <ClInclude Include="Source\Third-Party\include\glm\simd\common.h">
      <Filter>Third-Party\include\glm\simd</Filter>
    </ClInclude>
    <ClInclude Include="Source\Third-Party\include\glm\simd\exponential.h">
      <Filter>Third-Party\include\glm\simd</Filter>
    </ClInclude>
    <ClInclude Include="Source\Third-Party\include\glm\simd\geometric.h">
      <Filter>Third-Party\include\glm\simd</Filter>
    </ClInclude>
    <ClInclude Include="Source\Third-Party\include\glm\simd\integer.h">
      <Filter>Third-Party\include\glm\simd</Filter>
    </ClInclude>
    <ClInclude Include="Source\Third-Party\include\glm\simd\matrix.h">
      <Filter>Third-Party\include\glm\simd</Filter>
    </ClInclude>
    <ClInclude Include="Source\Third-Party\include\glm\simd\neon.h">
      <Filter>Third-Party\include\glm\simd</Filter>
    </ClInclude>
    <ClInclude Include="Source\Third-Party\include\glm\simd\packing.h">
      <Filter>Third-Party\include\glm\simd</Filter>
    </ClInclude>
    <ClInclude Include="Source\Third-Party\include\glm\simd\platform.h">
      <Filter>Third-Party\include\glm\simd</Filter>
    </ClInclude>
    <ClInclude Include="Source\Third-Party\include\glm\simd\trigonometric.h">
      <Filter>Third-Party\include\glm\simd</Filter>
    </ClInclude>
    <ClInclude Include="Source\Third-Party\include\glm\simd\vector_relational.h">
      <Filter>Third-Party\include\glm\simd</Filter>
    </ClInclude>
    <ClInclude Include="Source\Third-Party\include\json\json.h">
      <Filter>Third-Party\include\json</Filter>
    </ClInclude>
    <ClInclude Include="Source\Third-Party\include\stb\stb_image.h">
      <Filter>Third-Party\include\stb</Filter>
    </ClInclude>
    <ClInclude Include="Source\Third-Party\include\stb\stb_image_resize.h">
      <Filter>Third-Party\include\stb</Filter>
    </ClInclude>
    <ClInclude Include="Source\Third-Party\include\stb\stb_image_write.h">
      <Filter>Third-Party\include\stb</Filter>
    </ClInclude>
    <ClInclude Include="Source\Utils\Engine\EngineUtils.h">
      <Filter>Utils\Engine</Filter>
    </ClInclude>
    <ClInclude Include="Source\Utils\Engine\FilesManager.h">
      <Filter>Utils\Engine</Filter>
    </ClInclude>
    <ClInclude Include="Source\Utils\Inputs\InputsUtils.h">
      <Filter>Utils\Inputs</Filter>
    </ClInclude>
    <ClInclude Include="Source\Utils\Rendering\Line.h">
      <Filter>Utils\Rendering</Filter>
    </ClInclude>
  </ItemGroup>
  <ItemGroup>
    <ClCompile Include="Source\Basic Rendering\Camera\Camera.cpp">
      <Filter>Basic Rendering\Camera</Filter>
    </ClCompile>
    <ClCompile Include="Source\Basic Rendering\EBO\EBO.cpp">
      <Filter>Basic Rendering\EBO</Filter>
    </ClCompile>
    <ClCompile Include="Source\Basic Rendering\FBO\FrameBuffer.cpp">
      <Filter>Basic Rendering\FBO</Filter>
    </ClCompile>
    <ClCompile Include="Source\Basic Rendering\Mesh\Mesh.cpp">
      <Filter>Basic Rendering\Mesh</Filter>
    </ClCompile>
    <ClCompile Include="Source\Basic Rendering\Model\Model.cpp">
      <Filter>Basic Rendering\Model</Filter>
    </ClCompile>
    <ClCompile Include="Source\Basic Rendering\Shader\Shader.cpp">
      <Filter>Basic Rendering\Shader</Filter>
    </ClCompile>
    <ClCompile Include="Source\Basic Rendering\Texture\Texture.cpp">
      <Filter>Basic Rendering\Texture</Filter>
    </ClCompile>
    <ClCompile Include="Source\Basic Rendering\VAO\VAO.cpp">
      <Filter>Basic Rendering\VAO</Filter>
    </ClCompile>
    <ClCompile Include="Source\Basic Rendering\VBO\VBO.cpp">
      <Filter>Basic Rendering\VBO</Filter>
    </ClCompile>
    <ClCompile Include="Source\Level Management\Components.cpp">
      <Filter>Level Management</Filter>
    </ClCompile>
    <ClCompile Include="Source\Level Management\LevelLoader.cpp">
      <Filter>Level Management</Filter>
    </ClCompile>
    <ClCompile Include="Source\Level Management\LevelParser.cpp">
      <Filter>Level Management</Filter>
    </ClCompile>
    <ClCompile Include="Source\Level Management\LevelWriter.cpp">
      <Filter>Level Management</Filter>
    </ClCompile>
    <ClCompile Include="Source\Libraries\ImGui_Lib\ImGuizmo.cpp">
      <Filter>Libraries\ImGui_Lib</Filter>
    </ClCompile>
    <ClCompile Include="Source\Libraries\ImGui_Lib\imgui.cpp">
      <Filter>Libraries\ImGui_Lib</Filter>
    </ClCompile>
    <ClCompile Include="Source\Libraries\ImGui_Lib\imgui_demo.cpp">
      <Filter>Libraries\ImGui_Lib</Filter>
    </ClCompile>
    <ClCompile Include="Source\Libraries\ImGui_Lib\imgui_draw.cpp">
      <Filter>Libraries\ImGui_Lib</Filter>
    </ClCompile>
    <ClCompile Include="Source\Libraries\ImGui_Lib\imgui_impl_glfw.cpp">
      <Filter>Libraries\ImGui_Lib</Filter>
    </ClCompile>
    <ClCompile Include="Source\Libraries\ImGui_Lib\imgui_impl_opengl3.cpp">
      <Filter>Libraries\ImGui_Lib</Filter>
    </ClCompile>
    <ClCompile Include="Source\Libraries\ImGui_Lib\imgui_tables.cpp">
      <Filter>Libraries\ImGui_Lib</Filter>
    </ClCompile>
    <ClCompile Include="Source\Libraries\ImGui_Lib\imgui_widgets.cpp">
      <Filter>Libraries\ImGui_Lib</Filter>
    </ClCompile>
    <ClCompile Include="Source\Libraries\glad.c">
      <Filter>Libraries</Filter>
    </ClCompile>
    <ClCompile Include="Source\Physics\Collision.cpp">
      <Filter>Physics</Filter>
    </ClCompile>
    <ClCompile Include="Source\Physics\Dynamics.cpp">
      <Filter>Physics</Filter>
    </ClCompile>
    <ClCompile Include="Source\Third-Party\include\glm\detail\glm.cpp">
      <Filter>Third-Party\include\glm\detail</Filter>
    </ClCompile>
    <ClCompile Include="Source\Utils\Engine\EngineUtils.cpp">
      <Filter>Utils\Engine</Filter>
    </ClCompile>
    <ClCompile Include="Source\Utils\Engine\FilesManager.cpp">
      <Filter>Utils\Engine</Filter>
    </ClCompile>
  </ItemGroup>
</Project>